
Microsoft Visual Studio Solution File, Format Version 12.00
# Visual Studio Version 16
VisualStudioVersion = 16.0.33423.256
MinimumVisualStudioVersion = 10.0.40219.1
Project("{FAE04EC0-301F-11D3-BF4B-00C04F79EFBC}") = "EditorDocumentos", "EditorDocumentos\EditorDocumentos.csproj", "{32469881-702B-4548-AEE6-882C5070E2AA}"
EndProject
Global
	GlobalSection(SolutionConfigurationPlatforms) = preSolution
		Debug|Any CPU = Debug|Any CPU
		Release|Any CPU = Release|Any CPU
	EndGlobalSection
	GlobalSection(ProjectConfigurationPlatforms) = postSolution
		{32469881-702B-4548-AEE6-882C5070E2AA}.Debug|Any CPU.ActiveCfg = Debug|Any CPU
		{32469881-702B-4548-AEE6-882C5070E2AA}.Debug|Any CPU.Build.0 = Debug|Any CPU
		{32469881-702B-4548-AEE6-882C5070E2AA}.Release|Any CPU.ActiveCfg = Release|Any CPU
		{32469881-702B-4548-AEE6-882C5070E2AA}.Release|Any CPU.Build.0 = Release|Any CPU
	EndGlobalSection
	GlobalSection(SolutionProperties) = preSolution
		HideSolutionNode = FALSE
	EndGlobalSection
	GlobalSection(ExtensibilityGlobals) = postSolution
		SolutionGuid = {10F72AED-FC1F-4380-9CBD-D6D51F66AE94}
	EndGlobalSection
EndGlobal
